
Microsoft Visual Studio Solution File, Format Version 12.00
# Visual Studio 15
VisualStudioVersion = 15.0.28307.329
MinimumVisualStudioVersion = 10.0.40219.1
Project("{8BC9CEB8-8B4A-11D0-8D11-00A0C91BC942}") = "exp1", "exp1.vcxproj", "{6B6564B4-E5A9-4486-821B-2F30A7150707}"
EndProject
Global
	GlobalSection(SolutionConfigurationPlatforms) = preSolution
		Debug|Win32 = Debug|Win32
		Debug|x64 = Debug|x64
		Release|Win32 = Release|Win32
		Release|x64 = Release|x64
	EndGlobalSection
	GlobalSection(ProjectConfigurationPlatforms) = postSolution
		{6B6564B4-E5A9-4486-821B-2F30A7150707}.Debug|Win32.ActiveCfg = Debug|Win32
		{6B6564B4-E5A9-4486-821B-2F30A7150707}.Debug|Win32.Build.0 = Debug|Win32
		{6B6564B4-E5A9-4486-821B-2F30A7150707}.Debug|x64.ActiveCfg = Debug|x64
		{6B6564B4-E5A9-4486-821B-2F30A7150707}.Debug|x64.Build.0 = Debug|x64
		{6B6564B4-E5A9-4486-821B-2F30A7150707}.Release|Win32.ActiveCfg = Release|Win32
		{6B6564B4-E5A9-4486-821B-2F30A7150707}.Release|Win32.Build.0 = Release|Win32
		{6B6564B4-E5A9-4486-821B-2F30A7150707}.Release|x64.ActiveCfg = Release|x64
		{6B6564B4-E5A9-4486-821B-2F30A7150707}.Release|x64.Build.0 = Release|x64
	EndGlobalSection
	GlobalSection(SolutionProperties) = preSolution
		HideSolutionNode = FALSE
	EndGlobalSection
	GlobalSection(ExtensibilityGlobals) = postSolution
		SolutionGuid = {4AA120BB-EC0B-42F9-9C9C-0ADB3234B3C7}
	EndGlobalSection
EndGlobal
